
Microsoft Visual Studio Solution File, Format Version 12.00
# Visual Studio 15
VisualStudioVersion = 15.0.26124.0
MinimumVisualStudioVersion = 15.0.26124.0
Project("{FAE04EC0-301F-11D3-BF4B-00C04F79EFBC}") = "API", "API\API.csproj", "{301B9817-D4FE-49C0-BA51-22689867D943}"
EndProject
Project("{FAE04EC0-301F-11D3-BF4B-00C04F79EFBC}") = "Application", "Application\Application.csproj", "{48838C5A-5358-43A2-80A1-0298D208CD4D}"
EndProject
Project("{FAE04EC0-301F-11D3-BF4B-00C04F79EFBC}") = "Persistence", "Persistence\Persistence.csproj", "{C52377A3-78BF-48BB-8220-CE16291155B2}"
EndProject
Project("{FAE04EC0-301F-11D3-BF4B-00C04F79EFBC}") = "Domain", "Domain\Domain.csproj", "{678A3C11-D439-42BC-9BF9-5E7F7AF70F88}"
EndProject
Project("{FAE04EC0-301F-11D3-BF4B-00C04F79EFBC}") = "Infrastructure", "Infrastructure\Infrastructure.csproj", "{D7EAE986-7BE7-418E-9E8F-E8D6AB49F11D}"
EndProject
Global
	GlobalSection(SolutionConfigurationPlatforms) = preSolution
		Debug|Any CPU = Debug|Any CPU
		Debug|x64 = Debug|x64
		Debug|x86 = Debug|x86
		Release|Any CPU = Release|Any CPU
		Release|x64 = Release|x64
		Release|x86 = Release|x86
	EndGlobalSection
	GlobalSection(SolutionProperties) = preSolution
		HideSolutionNode = FALSE
	EndGlobalSection
	GlobalSection(ProjectConfigurationPlatforms) = postSolution
		{301B9817-D4FE-49C0-BA51-22689867D943}.Debug|Any CPU.ActiveCfg = Debug|Any CPU
		{301B9817-D4FE-49C0-BA51-22689867D943}.Debug|Any CPU.Build.0 = Debug|Any CPU
		{301B9817-D4FE-49C0-BA51-22689867D943}.Debug|x64.ActiveCfg = Debug|Any CPU
		{301B9817-D4FE-49C0-BA51-22689867D943}.Debug|x64.Build.0 = Debug|Any CPU
		{301B9817-D4FE-49C0-BA51-22689867D943}.Debug|x86.ActiveCfg = Debug|Any CPU
		{301B9817-D4FE-49C0-BA51-22689867D943}.Debug|x86.Build.0 = Debug|Any CPU
		{301B9817-D4FE-49C0-BA51-22689867D943}.Release|Any CPU.ActiveCfg = Release|Any CPU
		{301B9817-D4FE-49C0-BA51-22689867D943}.Release|Any CPU.Build.0 = Release|Any CPU
		{301B9817-D4FE-49C0-BA51-22689867D943}.Release|x64.ActiveCfg = Release|Any CPU
		{301B9817-D4FE-49C0-BA51-22689867D943}.Release|x64.Build.0 = Release|Any CPU
		{301B9817-D4FE-49C0-BA51-22689867D943}.Release|x86.ActiveCfg = Release|Any CPU
		{301B9817-D4FE-49C0-BA51-22689867D943}.Release|x86.Build.0 = Release|Any CPU
		{48838C5A-5358-43A2-80A1-0298D208CD4D}.Debug|Any CPU.ActiveCfg = Debug|Any CPU
		{48838C5A-5358-43A2-80A1-0298D208CD4D}.Debug|Any CPU.Build.0 = Debug|Any CPU
		{48838C5A-5358-43A2-80A1-0298D208CD4D}.Debug|x64.ActiveCfg = Debug|Any CPU
		{48838C5A-5358-43A2-80A1-0298D208CD4D}.Debug|x64.Build.0 = Debug|Any CPU
		{48838C5A-5358-43A2-80A1-0298D208CD4D}.Debug|x86.ActiveCfg = Debug|Any CPU
		{48838C5A-5358-43A2-80A1-0298D208CD4D}.Debug|x86.Build.0 = Debug|Any CPU
		{48838C5A-5358-43A2-80A1-0298D208CD4D}.Release|Any CPU.ActiveCfg = Release|Any CPU
		{48838C5A-5358-43A2-80A1-0298D208CD4D}.Release|Any CPU.Build.0 = Release|Any CPU
		{48838C5A-5358-43A2-80A1-0298D208CD4D}.Release|x64.ActiveCfg = Release|Any CPU
		{48838C5A-5358-43A2-80A1-0298D208CD4D}.Release|x64.Build.0 = Release|Any CPU
		{48838C5A-5358-43A2-80A1-0298D208CD4D}.Release|x86.ActiveCfg = Release|Any CPU
		{48838C5A-5358-43A2-80A1-0298D208CD4D}.Release|x86.Build.0 = Release|Any CPU
		{C52377A3-78BF-48BB-8220-CE16291155B2}.Debug|Any CPU.ActiveCfg = Debug|Any CPU
		{C52377A3-78BF-48BB-8220-CE16291155B2}.Debug|Any CPU.Build.0 = Debug|Any CPU
		{C52377A3-78BF-48BB-8220-CE16291155B2}.Debug|x64.ActiveCfg = Debug|Any CPU
		{C52377A3-78BF-48BB-8220-CE16291155B2}.Debug|x64.Build.0 = Debug|Any CPU
		{C52377A3-78BF-48BB-8220-CE16291155B2}.Debug|x86.ActiveCfg = Debug|Any CPU
		{C52377A3-78BF-48BB-8220-CE16291155B2}.Debug|x86.Build.0 = Debug|Any CPU
		{C52377A3-78BF-48BB-8220-CE16291155B2}.Release|Any CPU.ActiveCfg = Release|Any CPU
		{C52377A3-78BF-48BB-8220-CE16291155B2}.Release|Any CPU.Build.0 = Release|Any CPU
		{C52377A3-78BF-48BB-8220-CE16291155B2}.Release|x64.ActiveCfg = Release|Any CPU
		{C52377A3-78BF-48BB-8220-CE16291155B2}.Release|x64.Build.0 = Release|Any CPU
		{C52377A3-78BF-48BB-8220-CE16291155B2}.Release|x86.ActiveCfg = Release|Any CPU
		{C52377A3-78BF-48BB-8220-CE16291155B2}.Release|x86.Build.0 = Release|Any CPU
		{678A3C11-D439-42BC-9BF9-5E7F7AF70F88}.Debug|Any CPU.ActiveCfg = Debug|Any CPU
		{678A3C11-D439-42BC-9BF9-5E7F7AF70F88}.Debug|Any CPU.Build.0 = Debug|Any CPU
		{678A3C11-D439-42BC-9BF9-5E7F7AF70F88}.Debug|x64.ActiveCfg = Debug|Any CPU
		{678A3C11-D439-42BC-9BF9-5E7F7AF70F88}.Debug|x64.Build.0 = Debug|Any CPU
		{678A3C11-D439-42BC-9BF9-5E7F7AF70F88}.Debug|x86.ActiveCfg = Debug|Any CPU
		{678A3C11-D439-42BC-9BF9-5E7F7AF70F88}.Debug|x86.Build.0 = Debug|Any CPU
		{678A3C11-D439-42BC-9BF9-5E7F7AF70F88}.Release|Any CPU.ActiveCfg = Release|Any CPU
		{678A3C11-D439-42BC-9BF9-5E7F7AF70F88}.Release|Any CPU.Build.0 = Release|Any CPU
		{678A3C11-D439-42BC-9BF9-5E7F7AF70F88}.Release|x64.ActiveCfg = Release|Any CPU
		{678A3C11-D439-42BC-9BF9-5E7F7AF70F88}.Release|x64.Build.0 = Release|Any CPU
		{678A3C11-D439-42BC-9BF9-5E7F7AF70F88}.Release|x86.ActiveCfg = Release|Any CPU
		{678A3C11-D439-42BC-9BF9-5E7F7AF70F88}.Release|x86.Build.0 = Release|Any CPU
		{D7EAE986-7BE7-418E-9E8F-E8D6AB49F11D}.Debug|Any CPU.ActiveCfg = Debug|Any CPU
		{D7EAE986-7BE7-418E-9E8F-E8D6AB49F11D}.Debug|Any CPU.Build.0 = Debug|Any CPU
		{D7EAE986-7BE7-418E-9E8F-E8D6AB49F11D}.Debug|x64.ActiveCfg = Debug|Any CPU
		{D7EAE986-7BE7-418E-9E8F-E8D6AB49F11D}.Debug|x64.Build.0 = Debug|Any CPU
		{D7EAE986-7BE7-418E-9E8F-E8D6AB49F11D}.Debug|x86.ActiveCfg = Debug|Any CPU
		{D7EAE986-7BE7-418E-9E8F-E8D6AB49F11D}.Debug|x86.Build.0 = Debug|Any CPU
		{D7EAE986-7BE7-418E-9E8F-E8D6AB49F11D}.Release|Any CPU.ActiveCfg = Release|Any CPU
		{D7EAE986-7BE7-418E-9E8F-E8D6AB49F11D}.Release|Any CPU.Build.0 = Release|Any CPU
		{D7EAE986-7BE7-418E-9E8F-E8D6AB49F11D}.Release|x64.ActiveCfg = Release|Any CPU
		{D7EAE986-7BE7-418E-9E8F-E8D6AB49F11D}.Release|x64.Build.0 = Release|Any CPU
		{D7EAE986-7BE7-418E-9E8F-E8D6AB49F11D}.Release|x86.ActiveCfg = Release|Any CPU
		{D7EAE986-7BE7-418E-9E8F-E8D6AB49F11D}.Release|x86.Build.0 = Release|Any CPU
	EndGlobalSection
EndGlobal
